
Microsoft Visual Studio Solution File, Format Version 12.00
# Visual Studio 15
VisualStudioVersion = 15.0.28307.421
MinimumVisualStudioVersion = 10.0.40219.1
Project("{FAE04EC0-301F-11D3-BF4B-00C04F79EFBC}") = "TaskExecutionEngine", "TaskExecutionEngine\TaskExecutionEngine.csproj", "{2F5EB926-7EF7-4142-82E0-807C4F42D6E0}"
EndProject
Project("{FAE04EC0-301F-11D3-BF4B-00C04F79EFBC}") = "Client", "Client\Client.csproj", "{D532D0F5-D1FC-46F8-AE67-5AB2EB756917}"
EndProject
Global
	GlobalSection(SolutionConfigurationPlatforms) = preSolution
		Debug|Any CPU = Debug|Any CPU
		Release|Any CPU = Release|Any CPU
	EndGlobalSection
	GlobalSection(ProjectConfigurationPlatforms) = postSolution
		{2F5EB926-7EF7-4142-82E0-807C4F42D6E0}.Debug|Any CPU.ActiveCfg = Debug|Any CPU
		{2F5EB926-7EF7-4142-82E0-807C4F42D6E0}.Debug|Any CPU.Build.0 = Debug|Any CPU
		{2F5EB926-7EF7-4142-82E0-807C4F42D6E0}.Release|Any CPU.ActiveCfg = Release|Any CPU
		{2F5EB926-7EF7-4142-82E0-807C4F42D6E0}.Release|Any CPU.Build.0 = Release|Any CPU
		{D532D0F5-D1FC-46F8-AE67-5AB2EB756917}.Debug|Any CPU.ActiveCfg = Debug|Any CPU
		{D532D0F5-D1FC-46F8-AE67-5AB2EB756917}.Debug|Any CPU.Build.0 = Debug|Any CPU
		{D532D0F5-D1FC-46F8-AE67-5AB2EB756917}.Release|Any CPU.ActiveCfg = Release|Any CPU
		{D532D0F5-D1FC-46F8-AE67-5AB2EB756917}.Release|Any CPU.Build.0 = Release|Any CPU
	EndGlobalSection
	GlobalSection(SolutionProperties) = preSolution
		HideSolutionNode = FALSE
	EndGlobalSection
	GlobalSection(ExtensibilityGlobals) = postSolution
		SolutionGuid = {BB8182A6-D1E7-42B1-A3C8-C794273768A7}
	EndGlobalSection
EndGlobal
